
Microsoft Visual Studio Solution File, Format Version 12.00
# Visual Studio 14
VisualStudioVersion = 14.0.25420.1
MinimumVisualStudioVersion = 10.0.40219.1
Project("{FAE04EC0-301F-11D3-BF4B-00C04F79EFBC}") = "FsCheckPropertySamples", "FsCheckPropertySamples\FsCheckPropertySamples.csproj", "{6930A570-50F3-4EDF-9774-E290CD1F8652}"
EndProject
Project("{FAE04EC0-301F-11D3-BF4B-00C04F79EFBC}") = "PropertyTests", "PropertyTests\PropertyTests.csproj", "{3B18B6CF-1517-4AC8-BF2F-BA1DD6DDD3E0}"
EndProject
Global
	GlobalSection(SolutionConfigurationPlatforms) = preSolution
		Debug|Any CPU = Debug|Any CPU
		Release|Any CPU = Release|Any CPU
	EndGlobalSection
	GlobalSection(ProjectConfigurationPlatforms) = postSolution
		{6930A570-50F3-4EDF-9774-E290CD1F8652}.Debug|Any CPU.ActiveCfg = Debug|Any CPU
		{6930A570-50F3-4EDF-9774-E290CD1F8652}.Debug|Any CPU.Build.0 = Debug|Any CPU
		{6930A570-50F3-4EDF-9774-E290CD1F8652}.Release|Any CPU.ActiveCfg = Release|Any CPU
		{6930A570-50F3-4EDF-9774-E290CD1F8652}.Release|Any CPU.Build.0 = Release|Any CPU
		{3B18B6CF-1517-4AC8-BF2F-BA1DD6DDD3E0}.Debug|Any CPU.ActiveCfg = Debug|Any CPU
		{3B18B6CF-1517-4AC8-BF2F-BA1DD6DDD3E0}.Debug|Any CPU.Build.0 = Debug|Any CPU
		{3B18B6CF-1517-4AC8-BF2F-BA1DD6DDD3E0}.Release|Any CPU.ActiveCfg = Release|Any CPU
		{3B18B6CF-1517-4AC8-BF2F-BA1DD6DDD3E0}.Release|Any CPU.Build.0 = Release|Any CPU
	EndGlobalSection
	GlobalSection(SolutionProperties) = preSolution
		HideSolutionNode = FALSE
	EndGlobalSection
EndGlobal
